
Microsoft Visual Studio Solution File, Format Version 12.00
# Visual Studio Version 16
Project("{2150E333-8FDC-42A3-9474-1A3956D46DE8}") = "CMakePredefinedTargets", "CMakePredefinedTargets", "{8EA9ED11-7ABE-3659-8C37-031FCD2BC5E3}"
EndProject
Project("{8BC9CEB8-8B4A-11D0-8D11-00A0C91BC942}") = "ALL_BUILD", "ALL_BUILD.vcxproj", "{BAB25519-F4D6-3059-8157-CA8B800B9879}"
	ProjectSection(ProjectDependencies) = postProject
		{30E41BA6-DDE0-3638-A1D2-9921FFFF9B05} = {30E41BA6-DDE0-3638-A1D2-9921FFFF9B05}
		{77FF0D4B-807C-3CCA-B26B-AA150919D198} = {77FF0D4B-807C-3CCA-B26B-AA150919D198}
		{E7228B76-58B6-32B7-86AE-A003F395AFF8} = {E7228B76-58B6-32B7-86AE-A003F395AFF8}
		{CAC3C9B2-1588-32EF-A86E-FF9569F17BFC} = {CAC3C9B2-1588-32EF-A86E-FF9569F17BFC}
		{B6901BA9-3C41-3B7C-AAE5-7C9D8FCD0D13} = {B6901BA9-3C41-3B7C-AAE5-7C9D8FCD0D13}
		{50B300C3-986C-333C-B5EF-0CCF180FF4E4} = {50B300C3-986C-333C-B5EF-0CCF180FF4E4}
	EndProjectSection
EndProject
Project("{8BC9CEB8-8B4A-11D0-8D11-00A0C91BC942}") = "INSTALL", "INSTALL.vcxproj", "{4A89A2A8-3D6B-3BEB-B38D-208889B5DAAB}"
	ProjectSection(ProjectDependencies) = postProject
		{BAB25519-F4D6-3059-8157-CA8B800B9879} = {BAB25519-F4D6-3059-8157-CA8B800B9879}
		{77FF0D4B-807C-3CCA-B26B-AA150919D198} = {77FF0D4B-807C-3CCA-B26B-AA150919D198}
	EndProjectSection
EndProject
Project("{8BC9CEB8-8B4A-11D0-8D11-00A0C91BC942}") = "OSQPLIB", "_deps\osqp-build\OSQPLIB.vcxproj", "{30E41BA6-DDE0-3638-A1D2-9921FFFF9B05}"
	ProjectSection(ProjectDependencies) = postProject
		{77FF0D4B-807C-3CCA-B26B-AA150919D198} = {77FF0D4B-807C-3CCA-B26B-AA150919D198}
		{50B300C3-986C-333C-B5EF-0CCF180FF4E4} = {50B300C3-986C-333C-B5EF-0CCF180FF4E4}
	EndProjectSection
EndProject
Project("{8BC9CEB8-8B4A-11D0-8D11-00A0C91BC942}") = "ZERO_CHECK", "ZERO_CHECK.vcxproj", "{77FF0D4B-807C-3CCA-B26B-AA150919D198}"
	ProjectSection(ProjectDependencies) = postProject
	EndProjectSection
EndProject
Project("{8BC9CEB8-8B4A-11D0-8D11-00A0C91BC942}") = "copy_codegen_files", "_deps\osqp-build\copy_codegen_files.vcxproj", "{E7228B76-58B6-32B7-86AE-A003F395AFF8}"
	ProjectSection(ProjectDependencies) = postProject
		{77FF0D4B-807C-3CCA-B26B-AA150919D198} = {77FF0D4B-807C-3CCA-B26B-AA150919D198}
		{0515BB03-83B2-3171-994F-44B44698E6F6} = {0515BB03-83B2-3171-994F-44B44698E6F6}
		{CC742284-F936-3507-9FA4-18E10544B78A} = {CC742284-F936-3507-9FA4-18E10544B78A}
		{E2CCA596-93EE-3638-A345-7967C97C6181} = {E2CCA596-93EE-3638-A345-7967C97C6181}
		{B5311196-7AF0-3880-A7B9-424FFA4CBBEC} = {B5311196-7AF0-3880-A7B9-424FFA4CBBEC}
	EndProjectSection
EndProject
Project("{8BC9CEB8-8B4A-11D0-8D11-00A0C91BC942}") = "copy_codegen_incs", "_deps\osqp-build\include\copy_codegen_incs.vcxproj", "{0515BB03-83B2-3171-994F-44B44698E6F6}"
	ProjectSection(ProjectDependencies) = postProject
		{77FF0D4B-807C-3CCA-B26B-AA150919D198} = {77FF0D4B-807C-3CCA-B26B-AA150919D198}
	EndProjectSection
EndProject
Project("{8BC9CEB8-8B4A-11D0-8D11-00A0C91BC942}") = "copy_codegen_linalg", "_deps\osqp-build\algebra\builtin\copy_codegen_linalg.vcxproj", "{CC742284-F936-3507-9FA4-18E10544B78A}"
	ProjectSection(ProjectDependencies) = postProject
		{77FF0D4B-807C-3CCA-B26B-AA150919D198} = {77FF0D4B-807C-3CCA-B26B-AA150919D198}
	EndProjectSection
EndProject
Project("{8BC9CEB8-8B4A-11D0-8D11-00A0C91BC942}") = "copy_codegen_makefile", "_deps\osqp-build\copy_codegen_makefile.vcxproj", "{E2CCA596-93EE-3638-A345-7967C97C6181}"
	ProjectSection(ProjectDependencies) = postProject
		{77FF0D4B-807C-3CCA-B26B-AA150919D198} = {77FF0D4B-807C-3CCA-B26B-AA150919D198}
	EndProjectSection
EndProject
Project("{8BC9CEB8-8B4A-11D0-8D11-00A0C91BC942}") = "copy_codegen_srcs", "_deps\osqp-build\src\copy_codegen_srcs.vcxproj", "{B5311196-7AF0-3880-A7B9-424FFA4CBBEC}"
	ProjectSection(ProjectDependencies) = postProject
		{77FF0D4B-807C-3CCA-B26B-AA150919D198} = {77FF0D4B-807C-3CCA-B26B-AA150919D198}
	EndProjectSection
EndProject
Project("{8BC9CEB8-8B4A-11D0-8D11-00A0C91BC942}") = "ext_builtin", "ext_builtin.vcxproj", "{CAC3C9B2-1588-32EF-A86E-FF9569F17BFC}"
	ProjectSection(ProjectDependencies) = postProject
		{77FF0D4B-807C-3CCA-B26B-AA150919D198} = {77FF0D4B-807C-3CCA-B26B-AA150919D198}
		{B6901BA9-3C41-3B7C-AAE5-7C9D8FCD0D13} = {B6901BA9-3C41-3B7C-AAE5-7C9D8FCD0D13}
	EndProjectSection
EndProject
Project("{8BC9CEB8-8B4A-11D0-8D11-00A0C91BC942}") = "osqpstatic", "_deps\osqp-build\osqpstatic.vcxproj", "{B6901BA9-3C41-3B7C-AAE5-7C9D8FCD0D13}"
	ProjectSection(ProjectDependencies) = postProject
		{30E41BA6-DDE0-3638-A1D2-9921FFFF9B05} = {30E41BA6-DDE0-3638-A1D2-9921FFFF9B05}
		{77FF0D4B-807C-3CCA-B26B-AA150919D198} = {77FF0D4B-807C-3CCA-B26B-AA150919D198}
		{50B300C3-986C-333C-B5EF-0CCF180FF4E4} = {50B300C3-986C-333C-B5EF-0CCF180FF4E4}
	EndProjectSection
EndProject
Project("{8BC9CEB8-8B4A-11D0-8D11-00A0C91BC942}") = "qdldlobject", "_deps\qdldl-build\qdldlobject.vcxproj", "{50B300C3-986C-333C-B5EF-0CCF180FF4E4}"
	ProjectSection(ProjectDependencies) = postProject
		{77FF0D4B-807C-3CCA-B26B-AA150919D198} = {77FF0D4B-807C-3CCA-B26B-AA150919D198}
	EndProjectSection
EndProject
Project("{8BC9CEB8-8B4A-11D0-8D11-00A0C91BC942}") = "uninstall", "_deps\osqp-build\uninstall.vcxproj", "{7606814A-0EB3-3959-8B79-2D67E80AE0DA}"
	ProjectSection(ProjectDependencies) = postProject
		{77FF0D4B-807C-3CCA-B26B-AA150919D198} = {77FF0D4B-807C-3CCA-B26B-AA150919D198}
	EndProjectSection
EndProject
Global
	GlobalSection(SolutionConfigurationPlatforms) = preSolution
		Debug|x64 = Debug|x64
		Release|x64 = Release|x64
		MinSizeRel|x64 = MinSizeRel|x64
		RelWithDebInfo|x64 = RelWithDebInfo|x64
	EndGlobalSection
	GlobalSection(ProjectConfigurationPlatforms) = postSolution
		{BAB25519-F4D6-3059-8157-CA8B800B9879}.Debug|x64.ActiveCfg = Debug|x64
		{BAB25519-F4D6-3059-8157-CA8B800B9879}.Debug|x64.Build.0 = Debug|x64
		{BAB25519-F4D6-3059-8157-CA8B800B9879}.Release|x64.ActiveCfg = Release|x64
		{BAB25519-F4D6-3059-8157-CA8B800B9879}.Release|x64.Build.0 = Release|x64
		{BAB25519-F4D6-3059-8157-CA8B800B9879}.MinSizeRel|x64.ActiveCfg = MinSizeRel|x64
		{BAB25519-F4D6-3059-8157-CA8B800B9879}.MinSizeRel|x64.Build.0 = MinSizeRel|x64
		{BAB25519-F4D6-3059-8157-CA8B800B9879}.RelWithDebInfo|x64.ActiveCfg = RelWithDebInfo|x64
		{BAB25519-F4D6-3059-8157-CA8B800B9879}.RelWithDebInfo|x64.Build.0 = RelWithDebInfo|x64
		{4A89A2A8-3D6B-3BEB-B38D-208889B5DAAB}.Debug|x64.ActiveCfg = Debug|x64
		{4A89A2A8-3D6B-3BEB-B38D-208889B5DAAB}.Release|x64.ActiveCfg = Release|x64
		{4A89A2A8-3D6B-3BEB-B38D-208889B5DAAB}.MinSizeRel|x64.ActiveCfg = MinSizeRel|x64
		{4A89A2A8-3D6B-3BEB-B38D-208889B5DAAB}.RelWithDebInfo|x64.ActiveCfg = RelWithDebInfo|x64
		{30E41BA6-DDE0-3638-A1D2-9921FFFF9B05}.Debug|x64.ActiveCfg = Debug|x64
		{30E41BA6-DDE0-3638-A1D2-9921FFFF9B05}.Debug|x64.Build.0 = Debug|x64
		{30E41BA6-DDE0-3638-A1D2-9921FFFF9B05}.Release|x64.ActiveCfg = Release|x64
		{30E41BA6-DDE0-3638-A1D2-9921FFFF9B05}.Release|x64.Build.0 = Release|x64
		{30E41BA6-DDE0-3638-A1D2-9921FFFF9B05}.MinSizeRel|x64.ActiveCfg = MinSizeRel|x64
		{30E41BA6-DDE0-3638-A1D2-9921FFFF9B05}.MinSizeRel|x64.Build.0 = MinSizeRel|x64
		{30E41BA6-DDE0-3638-A1D2-9921FFFF9B05}.RelWithDebInfo|x64.ActiveCfg = RelWithDebInfo|x64
		{30E41BA6-DDE0-3638-A1D2-9921FFFF9B05}.RelWithDebInfo|x64.Build.0 = RelWithDebInfo|x64
		{77FF0D4B-807C-3CCA-B26B-AA150919D198}.Debug|x64.ActiveCfg = Debug|x64
		{77FF0D4B-807C-3CCA-B26B-AA150919D198}.Debug|x64.Build.0 = Debug|x64
		{77FF0D4B-807C-3CCA-B26B-AA150919D198}.Release|x64.ActiveCfg = Release|x64
		{77FF0D4B-807C-3CCA-B26B-AA150919D198}.Release|x64.Build.0 = Release|x64
		{77FF0D4B-807C-3CCA-B26B-AA150919D198}.MinSizeRel|x64.ActiveCfg = MinSizeRel|x64
		{77FF0D4B-807C-3CCA-B26B-AA150919D198}.MinSizeRel|x64.Build.0 = MinSizeRel|x64
		{77FF0D4B-807C-3CCA-B26B-AA150919D198}.RelWithDebInfo|x64.ActiveCfg = RelWithDebInfo|x64
		{77FF0D4B-807C-3CCA-B26B-AA150919D198}.RelWithDebInfo|x64.Build.0 = RelWithDebInfo|x64
		{E7228B76-58B6-32B7-86AE-A003F395AFF8}.Debug|x64.ActiveCfg = Debug|x64
		{E7228B76-58B6-32B7-86AE-A003F395AFF8}.Debug|x64.Build.0 = Debug|x64
		{E7228B76-58B6-32B7-86AE-A003F395AFF8}.Release|x64.ActiveCfg = Release|x64
		{E7228B76-58B6-32B7-86AE-A003F395AFF8}.Release|x64.Build.0 = Release|x64
		{E7228B76-58B6-32B7-86AE-A003F395AFF8}.MinSizeRel|x64.ActiveCfg = MinSizeRel|x64
		{E7228B76-58B6-32B7-86AE-A003F395AFF8}.MinSizeRel|x64.Build.0 = MinSizeRel|x64
		{E7228B76-58B6-32B7-86AE-A003F395AFF8}.RelWithDebInfo|x64.ActiveCfg = RelWithDebInfo|x64
		{E7228B76-58B6-32B7-86AE-A003F395AFF8}.RelWithDebInfo|x64.Build.0 = RelWithDebInfo|x64
		{0515BB03-83B2-3171-994F-44B44698E6F6}.Debug|x64.ActiveCfg = Debug|x64
		{0515BB03-83B2-3171-994F-44B44698E6F6}.Debug|x64.Build.0 = Debug|x64
		{0515BB03-83B2-3171-994F-44B44698E6F6}.Release|x64.ActiveCfg = Release|x64
		{0515BB03-83B2-3171-994F-44B44698E6F6}.Release|x64.Build.0 = Release|x64
		{0515BB03-83B2-3171-994F-44B44698E6F6}.MinSizeRel|x64.ActiveCfg = MinSizeRel|x64
		{0515BB03-83B2-3171-994F-44B44698E6F6}.MinSizeRel|x64.Build.0 = MinSizeRel|x64
		{0515BB03-83B2-3171-994F-44B44698E6F6}.RelWithDebInfo|x64.ActiveCfg = RelWithDebInfo|x64
		{0515BB03-83B2-3171-994F-44B44698E6F6}.RelWithDebInfo|x64.Build.0 = RelWithDebInfo|x64
		{CC742284-F936-3507-9FA4-18E10544B78A}.Debug|x64.ActiveCfg = Debug|x64
		{CC742284-F936-3507-9FA4-18E10544B78A}.Debug|x64.Build.0 = Debug|x64
		{CC742284-F936-3507-9FA4-18E10544B78A}.Release|x64.ActiveCfg = Release|x64
		{CC742284-F936-3507-9FA4-18E10544B78A}.Release|x64.Build.0 = Release|x64
		{CC742284-F936-3507-9FA4-18E10544B78A}.MinSizeRel|x64.ActiveCfg = MinSizeRel|x64
		{CC742284-F936-3507-9FA4-18E10544B78A}.MinSizeRel|x64.Build.0 = MinSizeRel|x64
		{CC742284-F936-3507-9FA4-18E10544B78A}.RelWithDebInfo|x64.ActiveCfg = RelWithDebInfo|x64
		{CC742284-F936-3507-9FA4-18E10544B78A}.RelWithDebInfo|x64.Build.0 = RelWithDebInfo|x64
		{E2CCA596-93EE-3638-A345-7967C97C6181}.Debug|x64.ActiveCfg = Debug|x64
		{E2CCA596-93EE-3638-A345-7967C97C6181}.Debug|x64.Build.0 = Debug|x64
		{E2CCA596-93EE-3638-A345-7967C97C6181}.Release|x64.ActiveCfg = Release|x64
		{E2CCA596-93EE-3638-A345-7967C97C6181}.Release|x64.Build.0 = Release|x64
		{E2CCA596-93EE-3638-A345-7967C97C6181}.MinSizeRel|x64.ActiveCfg = MinSizeRel|x64
		{E2CCA596-93EE-3638-A345-7967C97C6181}.MinSizeRel|x64.Build.0 = MinSizeRel|x64
		{E2CCA596-93EE-3638-A345-7967C97C6181}.RelWithDebInfo|x64.ActiveCfg = RelWithDebInfo|x64
		{E2CCA596-93EE-3638-A345-7967C97C6181}.RelWithDebInfo|x64.Build.0 = RelWithDebInfo|x64
		{B5311196-7AF0-3880-A7B9-424FFA4CBBEC}.Debug|x64.ActiveCfg = Debug|x64
		{B5311196-7AF0-3880-A7B9-424FFA4CBBEC}.Debug|x64.Build.0 = Debug|x64
		{B5311196-7AF0-3880-A7B9-424FFA4CBBEC}.Release|x64.ActiveCfg = Release|x64
		{B5311196-7AF0-3880-A7B9-424FFA4CBBEC}.Release|x64.Build.0 = Release|x64
		{B5311196-7AF0-3880-A7B9-424FFA4CBBEC}.MinSizeRel|x64.ActiveCfg = MinSizeRel|x64
		{B5311196-7AF0-3880-A7B9-424FFA4CBBEC}.MinSizeRel|x64.Build.0 = MinSizeRel|x64
		{B5311196-7AF0-3880-A7B9-424FFA4CBBEC}.RelWithDebInfo|x64.ActiveCfg = RelWithDebInfo|x64
		{B5311196-7AF0-3880-A7B9-424FFA4CBBEC}.RelWithDebInfo|x64.Build.0 = RelWithDebInfo|x64
		{CAC3C9B2-1588-32EF-A86E-FF9569F17BFC}.Debug|x64.ActiveCfg = Debug|x64
		{CAC3C9B2-1588-32EF-A86E-FF9569F17BFC}.Debug|x64.Build.0 = Debug|x64
		{CAC3C9B2-1588-32EF-A86E-FF9569F17BFC}.Release|x64.ActiveCfg = Release|x64
		{CAC3C9B2-1588-32EF-A86E-FF9569F17BFC}.Release|x64.Build.0 = Release|x64
		{CAC3C9B2-1588-32EF-A86E-FF9569F17BFC}.MinSizeRel|x64.ActiveCfg = MinSizeRel|x64
		{CAC3C9B2-1588-32EF-A86E-FF9569F17BFC}.MinSizeRel|x64.Build.0 = MinSizeRel|x64
		{CAC3C9B2-1588-32EF-A86E-FF9569F17BFC}.RelWithDebInfo|x64.ActiveCfg = RelWithDebInfo|x64
		{CAC3C9B2-1588-32EF-A86E-FF9569F17BFC}.RelWithDebInfo|x64.Build.0 = RelWithDebInfo|x64
		{B6901BA9-3C41-3B7C-AAE5-7C9D8FCD0D13}.Debug|x64.ActiveCfg = Debug|x64
		{B6901BA9-3C41-3B7C-AAE5-7C9D8FCD0D13}.Debug|x64.Build.0 = Debug|x64
		{B6901BA9-3C41-3B7C-AAE5-7C9D8FCD0D13}.Release|x64.ActiveCfg = Release|x64
		{B6901BA9-3C41-3B7C-AAE5-7C9D8FCD0D13}.Release|x64.Build.0 = Release|x64
		{B6901BA9-3C41-3B7C-AAE5-7C9D8FCD0D13}.MinSizeRel|x64.ActiveCfg = MinSizeRel|x64
		{B6901BA9-3C41-3B7C-AAE5-7C9D8FCD0D13}.MinSizeRel|x64.Build.0 = MinSizeRel|x64
		{B6901BA9-3C41-3B7C-AAE5-7C9D8FCD0D13}.RelWithDebInfo|x64.ActiveCfg = RelWithDebInfo|x64
		{B6901BA9-3C41-3B7C-AAE5-7C9D8FCD0D13}.RelWithDebInfo|x64.Build.0 = RelWithDebInfo|x64
		{50B300C3-986C-333C-B5EF-0CCF180FF4E4}.Debug|x64.ActiveCfg = Debug|x64
		{50B300C3-986C-333C-B5EF-0CCF180FF4E4}.Debug|x64.Build.0 = Debug|x64
		{50B300C3-986C-333C-B5EF-0CCF180FF4E4}.Release|x64.ActiveCfg = Release|x64
		{50B300C3-986C-333C-B5EF-0CCF180FF4E4}.Release|x64.Build.0 = Release|x64
		{50B300C3-986C-333C-B5EF-0CCF180FF4E4}.MinSizeRel|x64.ActiveCfg = MinSizeRel|x64
		{50B300C3-986C-333C-B5EF-0CCF180FF4E4}.MinSizeRel|x64.Build.0 = MinSizeRel|x64
		{50B300C3-986C-333C-B5EF-0CCF180FF4E4}.RelWithDebInfo|x64.ActiveCfg = RelWithDebInfo|x64
		{50B300C3-986C-333C-B5EF-0CCF180FF4E4}.RelWithDebInfo|x64.Build.0 = RelWithDebInfo|x64
		{7606814A-0EB3-3959-8B79-2D67E80AE0DA}.Debug|x64.ActiveCfg = Debug|x64
		{7606814A-0EB3-3959-8B79-2D67E80AE0DA}.Release|x64.ActiveCfg = Release|x64
		{7606814A-0EB3-3959-8B79-2D67E80AE0DA}.MinSizeRel|x64.ActiveCfg = MinSizeRel|x64
		{7606814A-0EB3-3959-8B79-2D67E80AE0DA}.RelWithDebInfo|x64.ActiveCfg = RelWithDebInfo|x64
	EndGlobalSection
	GlobalSection(NestedProjects) = preSolution
		{BAB25519-F4D6-3059-8157-CA8B800B9879} = {8EA9ED11-7ABE-3659-8C37-031FCD2BC5E3}
		{4A89A2A8-3D6B-3BEB-B38D-208889B5DAAB} = {8EA9ED11-7ABE-3659-8C37-031FCD2BC5E3}
		{77FF0D4B-807C-3CCA-B26B-AA150919D198} = {8EA9ED11-7ABE-3659-8C37-031FCD2BC5E3}
	EndGlobalSection
	GlobalSection(ExtensibilityGlobals) = postSolution
		SolutionGuid = {3990CEFB-BA27-33F1-B550-1C1DFAD89E33}
	EndGlobalSection
	GlobalSection(ExtensibilityAddIns) = postSolution
	EndGlobalSection
EndGlobal
