<?xml version="1.0" encoding="utf-8"?>
<Project ToolsVersion="16.0" xmlns="http://schemas.microsoft.com/developer/msbuild/2003">
  <ItemGroup>
    <ClCompile Include="C:\Users\baice\Documents\GitHub\osqp-python\src\bindings.cpp">
      <Filter>Source Files</Filter>
    </ClCompile>
  </ItemGroup>
  <ItemGroup>
    <CustomBuild Include="C:\Users\baice\Documents\GitHub\osqp-python\CMakeLists.txt" />
  </ItemGroup>
  <ItemGroup>
    <Filter Include="Source Files">
      <UniqueIdentifier>{619194B5-59E1-3F42-9482-23B2B2E0B932}</UniqueIdentifier>
    </Filter>
  </ItemGroup>
</Project>
